{
  "name": "road-markings",
  "version": "1.0.0",
  "lockfileVersion": 1,
  "requires": true,
  "dependencies": {
    "geojson-to-kml": {
      "version": "0.0.1",
      "resolved": "https://registry.npmjs.org/geojson-to-kml/-/geojson-to-kml-0.0.1.tgz",
      "integrity": "sha512-k9zGJ+X/YZKOR0eqhTs6RsNGsi9Gjonv1f4MN3sRqKsIA0ZRh+HVmUrXY5LrgQez07+fNgU38rsoeGXyomp7Vw=="
    }
  }
}
